
Microsoft Visual Studio Solution File, Format Version 12.00
# Visual Studio Version 17
VisualStudioVersion = 17.7.34009.444
MinimumVisualStudioVersion = 10.0.40219.1
Project("{FAE04EC0-301F-11D3-BF4B-00C04F79EFBC}") = "AhorroDigital.Common", "AhorroDigital.Common\AhorroDigital.Common.csproj", "{A81F3639-01FF-4884-91E0-9E4636F66231}"
EndProject
Project("{FAE04EC0-301F-11D3-BF4B-00C04F79EFBC}") = "AhorroDigital.API", "AhorroDigital.API\AhorroDigital.API.csproj", "{2323B54D-C6FF-4100-B20A-98D48487624A}"
EndProject
Global
	GlobalSection(SolutionConfigurationPlatforms) = preSolution
		Debug|Any CPU = Debug|Any CPU
		Release|Any CPU = Release|Any CPU
	EndGlobalSection
	GlobalSection(ProjectConfigurationPlatforms) = postSolution
		{A81F3639-01FF-4884-91E0-9E4636F66231}.Debug|Any CPU.ActiveCfg = Debug|Any CPU
		{A81F3639-01FF-4884-91E0-9E4636F66231}.Debug|Any CPU.Build.0 = Debug|Any CPU
		{A81F3639-01FF-4884-91E0-9E4636F66231}.Release|Any CPU.ActiveCfg = Release|Any CPU
		{A81F3639-01FF-4884-91E0-9E4636F66231}.Release|Any CPU.Build.0 = Release|Any CPU
		{2323B54D-C6FF-4100-B20A-98D48487624A}.Debug|Any CPU.ActiveCfg = Debug|Any CPU
		{2323B54D-C6FF-4100-B20A-98D48487624A}.Debug|Any CPU.Build.0 = Debug|Any CPU
		{2323B54D-C6FF-4100-B20A-98D48487624A}.Release|Any CPU.ActiveCfg = Release|Any CPU
		{2323B54D-C6FF-4100-B20A-98D48487624A}.Release|Any CPU.Build.0 = Release|Any CPU
	EndGlobalSection
	GlobalSection(SolutionProperties) = preSolution
		HideSolutionNode = FALSE
	EndGlobalSection
	GlobalSection(ExtensibilityGlobals) = postSolution
		SolutionGuid = {D6CA005C-22E1-4C7D-9239-A4CFE0E82020}
	EndGlobalSection
EndGlobal
